// !$*UTF8*$!
{
	archiveVersion = 1;
	classes = {
	};
	objectVersion = 50;
	objects = {

/* Begin PBXBuildFile section */
		804E44BB0DD609D91DC99DA9 /* libPods-RecipeTests.a in Frameworks */ = {isa = PBXBuildFile; fileRef = FA7FCDD8E422222D82F4FB6D /* libPods-RecipeTests.a */; };
		89ECEA67C6851FA7FECEA928 /* libPods-RecipeUITests.a in Frameworks */ = {isa = PBXBuildFile; fileRef = F06077F60969B229F6BA4706 /* libPods-RecipeUITests.a */; };
		90033E1222DBAFC0001EEA38 /* DetailsImgTableViewCell.m in Sources */ = {isa = PBXBuildFile; fileRef = 90033E1122DBAFC0001EEA38 /* DetailsImgTableViewCell.m */; };
		90033E1522DBAFDA001EEA38 /* DetailsTitleTableViewCell.m in Sources */ = {isa = PBXBuildFile; fileRef = 90033E1422DBAFDA001EEA38 /* DetailsTitleTableViewCell.m */; };
		90033E1822DBAFF4001EEA38 /* DetailsIngredientsTableViewCell.m in Sources */ = {isa = PBXBuildFile; fileRef = 90033E1722DBAFF4001EEA38 /* DetailsIngredientsTableViewCell.m */; };
		90033E1B22DBB009001EEA38 /* DetailsLinkTableViewCell.m in Sources */ = {isa = PBXBuildFile; fileRef = 90033E1A22DBB009001EEA38 /* DetailsLinkTableViewCell.m */; };
		90033E1E22DBB0F2001EEA38 /* DetailsTableViewController.m in Sources */ = {isa = PBXBuildFile; fileRef = 90033E1D22DBB0F2001EEA38 /* DetailsTableViewController.m */; };
		90033E2122DBB115001EEA38 /* DetailsPresenter.m in Sources */ = {isa = PBXBuildFile; fileRef = 90033E2022DBB115001EEA38 /* DetailsPresenter.m */; };
		90033E2422DBBF84001EEA38 /* DetailsSingleIngTableViewCell.m in Sources */ = {isa = PBXBuildFile; fileRef = 90033E2322DBBF84001EEA38 /* DetailsSingleIngTableViewCell.m */; };
		908F7B5422D95081006188B2 /* AppDelegate.m in Sources */ = {isa = PBXBuildFile; fileRef = 908F7B5322D95081006188B2 /* AppDelegate.m */; };
		908F7B5A22D95081006188B2 /* Main.storyboard in Resources */ = {isa = PBXBuildFile; fileRef = 908F7B5822D95081006188B2 /* Main.storyboard */; };
		908F7B5C22D95083006188B2 /* Assets.xcassets in Resources */ = {isa = PBXBuildFile; fileRef = 908F7B5B22D95083006188B2 /* Assets.xcassets */; };
		908F7B5F22D95083006188B2 /* LaunchScreen.storyboard in Resources */ = {isa = PBXBuildFile; fileRef = 908F7B5D22D95083006188B2 /* LaunchScreen.storyboard */; };
		908F7B6222D95083006188B2 /* main.m in Sources */ = {isa = PBXBuildFile; fileRef = 908F7B6122D95083006188B2 /* main.m */; };
		908F7B6C22D95083006188B2 /* RecipeTests.m in Sources */ = {isa = PBXBuildFile; fileRef = 908F7B6B22D95083006188B2 /* RecipeTests.m */; };
		908F7B7722D95083006188B2 /* RecipeUITests.m in Sources */ = {isa = PBXBuildFile; fileRef = 908F7B7622D95083006188B2 /* RecipeUITests.m */; };
		908F7B9922D963DB006188B2 /* RealmManager.m in Sources */ = {isa = PBXBuildFile; fileRef = 908F7B9822D963DB006188B2 /* RealmManager.m */; };
		908F7B9E22D964E8006188B2 /* NetworkManager.m in Sources */ = {isa = PBXBuildFile; fileRef = 908F7B9D22D964E8006188B2 /* NetworkManager.m */; };
		908F7BA122D965E7006188B2 /* RecipeService.m in Sources */ = {isa = PBXBuildFile; fileRef = 908F7BA022D965E7006188B2 /* RecipeService.m */; };
		908F7BA422D96684006188B2 /* Recipe.m in Sources */ = {isa = PBXBuildFile; fileRef = 908F7BA322D96684006188B2 /* Recipe.m */; };
		908F7BAA22D968CA006188B2 /* RecipePresenter.m in Sources */ = {isa = PBXBuildFile; fileRef = 908F7BA922D968CA006188B2 /* RecipePresenter.m */; };
		908F7BB022D96FB9006188B2 /* RecipeTableViewCell.m in Sources */ = {isa = PBXBuildFile; fileRef = 908F7BAF22D96FB9006188B2 /* RecipeTableViewCell.m */; };
		908F7BB322D97058006188B2 /* RecipesViewController.m in Sources */ = {isa = PBXBuildFile; fileRef = 908F7BB222D97058006188B2 /* RecipesViewController.m */; };
		908F7BB522D98A5B006188B2 /* images.png in Resources */ = {isa = PBXBuildFile; fileRef = 908F7BB422D98A5B006188B2 /* images.png */; };
		909C567E22DA61B0000FB64A /* SearchTableViewController.m in Sources */ = {isa = PBXBuildFile; fileRef = 909C567D22DA61B0000FB64A /* SearchTableViewController.m */; };
		909C568222DA620A000FB64A /* SearchPresenter.m in Sources */ = {isa = PBXBuildFile; fileRef = 909C568122DA620A000FB64A /* SearchPresenter.m */; };
		909C568522DA7923000FB64A /* SearchHistory.m in Sources */ = {isa = PBXBuildFile; fileRef = 909C568422DA7923000FB64A /* SearchHistory.m */; };
		EBD9468A5166A935F2540FBC /* libPods-Recipe.a in Frameworks */ = {isa = PBXBuildFile; fileRef = 37D0E1CB0C9412C3B3A3A4EC /* libPods-Recipe.a */; };
/* End PBXBuildFile section */

/* Begin PBXContainerItemProxy section */
		908F7B6822D95083006188B2 /* PBXContainerItemProxy */ = {
			isa = PBXContainerItemProxy;
			containerPortal = 908F7B4722D95081006188B2 /* Project object */;
			proxyType = 1;
			remoteGlobalIDString = 908F7B4E22D95081006188B2;
			remoteInfo = Recipe;
		};
		908F7B7322D95083006188B2 /* PBXContainerItemProxy */ = {
			isa = PBXContainerItemProxy;
			containerPortal = 908F7B4722D95081006188B2 /* Project object */;
			proxyType = 1;
			remoteGlobalIDString = 908F7B4E22D95081006188B2;
			remoteInfo = Recipe;
		};
/* End PBXContainerItemProxy section */

/* Begin PBXFileReference section */
		37D0E1CB0C9412C3B3A3A4EC /* libPods-Recipe.a */ = {isa = PBXFileReference; explicitFileType = archive.ar; includeInIndex = 0; path = "libPods-Recipe.a"; sourceTree = BUILT_PRODUCTS_DIR; };
		5C485C64CAA757AED9D65E31 /* Pods-Recipe.debug.xcconfig */ = {isa = PBXFileReference; includeInIndex = 1; lastKnownFileType = text.xcconfig; name = "Pods-Recipe.debug.xcconfig"; path = "Target Support Files/Pods-Recipe/Pods-Recipe.debug.xcconfig"; sourceTree = "<group>"; };
		677A2E579F556FB6FC880567 /* Pods-Recipe.release.xcconfig */ = {isa = PBXFileReference; includeInIndex = 1; lastKnownFileType = text.xcconfig; name = "Pods-Recipe.release.xcconfig"; path = "Target Support Files/Pods-Recipe/Pods-Recipe.release.xcconfig"; sourceTree = "<group>"; };
		7977C2249FB8FC2DC132B10D /* Pods-RecipeTests.debug.xcconfig */ = {isa = PBXFileReference; includeInIndex = 1; lastKnownFileType = text.xcconfig; name = "Pods-RecipeTests.debug.xcconfig"; path = "Target Support Files/Pods-RecipeTests/Pods-RecipeTests.debug.xcconfig"; sourceTree = "<group>"; };
		90033E1022DBAFC0001EEA38 /* DetailsImgTableViewCell.h */ = {isa = PBXFileReference; lastKnownFileType = sourcecode.c.h; path = DetailsImgTableViewCell.h; sourceTree = "<group>"; };
		90033E1122DBAFC0001EEA38 /* DetailsImgTableViewCell.m */ = {isa = PBXFileReference; lastKnownFileType = sourcecode.c.objc; path = DetailsImgTableViewCell.m; sourceTree = "<group>"; };
		90033E1322DBAFDA001EEA38 /* DetailsTitleTableViewCell.h */ = {isa = PBXFileReference; lastKnownFileType = sourcecode.c.h; path = DetailsTitleTableViewCell.h; sourceTree = "<group>"; };
		90033E1422DBAFDA001EEA38 /* DetailsTitleTableViewCell.m */ = {isa = PBXFileReference; lastKnownFileType = sourcecode.c.objc; path = DetailsTitleTableViewCell.m; sourceTree = "<group>"; };
		90033E1622DBAFF4001EEA38 /* DetailsIngredientsTableViewCell.h */ = {isa = PBXFileReference; lastKnownFileType = sourcecode.c.h; path = DetailsIngredientsTableViewCell.h; sourceTree = "<group>"; };
		90033E1722DBAFF4001EEA38 /* DetailsIngredientsTableViewCell.m */ = {isa = PBXFileReference; lastKnownFileType = sourcecode.c.objc; path = DetailsIngredientsTableViewCell.m; sourceTree = "<group>"; };
		90033E1922DBB009001EEA38 /* DetailsLinkTableViewCell.h */ = {isa = PBXFileReference; lastKnownFileType = sourcecode.c.h; path = DetailsLinkTableViewCell.h; sourceTree = "<group>"; };
		90033E1A22DBB009001EEA38 /* DetailsLinkTableViewCell.m */ = {isa = PBXFileReference; lastKnownFileType = sourcecode.c.objc; path = DetailsLinkTableViewCell.m; sourceTree = "<group>"; };
		90033E1C22DBB0F2001EEA38 /* DetailsTableViewController.h */ = {isa = PBXFileReference; lastKnownFileType = sourcecode.c.h; path = DetailsTableViewController.h; sourceTree = "<group>"; };
		90033E1D22DBB0F2001EEA38 /* DetailsTableViewController.m */ = {isa = PBXFileReference; lastKnownFileType = sourcecode.c.objc; path = DetailsTableViewController.m; sourceTree = "<group>"; };
		90033E1F22DBB115001EEA38 /* DetailsPresenter.h */ = {isa = PBXFileReference; lastKnownFileType = sourcecode.c.h; path = DetailsPresenter.h; sourceTree = "<group>"; };
		90033E2022DBB115001EEA38 /* DetailsPresenter.m */ = {isa = PBXFileReference; lastKnownFileType = sourcecode.c.objc; path = DetailsPresenter.m; sourceTree = "<group>"; };
		90033E2222DBBF84001EEA38 /* DetailsSingleIngTableViewCell.h */ = {isa = PBXFileReference; lastKnownFileType = sourcecode.c.h; path = DetailsSingleIngTableViewCell.h; sourceTree = "<group>"; };
		90033E2322DBBF84001EEA38 /* DetailsSingleIngTableViewCell.m */ = {isa = PBXFileReference; lastKnownFileType = sourcecode.c.objc; path = DetailsSingleIngTableViewCell.m; sourceTree = "<group>"; };
		908F7B4F22D95081006188B2 /* Recipe.app */ = {isa = PBXFileReference; explicitFileType = wrapper.application; includeInIndex = 0; path = Recipe.app; sourceTree = BUILT_PRODUCTS_DIR; };
		908F7B5222D95081006188B2 /* AppDelegate.h */ = {isa = PBXFileReference; lastKnownFileType = sourcecode.c.h; path = AppDelegate.h; sourceTree = "<group>"; };
		908F7B5322D95081006188B2 /* AppDelegate.m */ = {isa = PBXFileReference; lastKnownFileType = sourcecode.c.objc; path = AppDelegate.m; sourceTree = "<group>"; };
		908F7B5922D95081006188B2 /* Base */ = {isa = PBXFileReference; lastKnownFileType = file.storyboard; name = Base; path = Base.lproj/Main.storyboard; sourceTree = "<group>"; };
		908F7B5B22D95083006188B2 /* Assets.xcassets */ = {isa = PBXFileReference; lastKnownFileType = folder.assetcatalog; path = Assets.xcassets; sourceTree = "<group>"; };
		908F7B5E22D95083006188B2 /* Base */ = {isa = PBXFileReference; lastKnownFileType = file.storyboard; name = Base; path = Base.lproj/LaunchScreen.storyboard; sourceTree = "<group>"; };
		908F7B6022D95083006188B2 /* Info.plist */ = {isa = PBXFileReference; lastKnownFileType = text.plist.xml; path = Info.plist; sourceTree = "<group>"; };
		908F7B6122D95083006188B2 /* main.m */ = {isa = PBXFileReference; lastKnownFileType = sourcecode.c.objc; path = main.m; sourceTree = "<group>"; };
		908F7B6722D95083006188B2 /* RecipeTests.xctest */ = {isa = PBXFileReference; explicitFileType = wrapper.cfbundle; includeInIndex = 0; path = RecipeTests.xctest; sourceTree = BUILT_PRODUCTS_DIR; };
		908F7B6B22D95083006188B2 /* RecipeTests.m */ = {isa = PBXFileReference; lastKnownFileType = sourcecode.c.objc; path = RecipeTests.m; sourceTree = "<group>"; };
		908F7B6D22D95083006188B2 /* Info.plist */ = {isa = PBXFileReference; lastKnownFileType = text.plist.xml; path = Info.plist; sourceTree = "<group>"; };
		908F7B7222D95083006188B2 /* RecipeUITests.xctest */ = {isa = PBXFileReference; explicitFileType = wrapper.cfbundle; includeInIndex = 0; path = RecipeUITests.xctest; sourceTree = BUILT_PRODUCTS_DIR; };
		908F7B7622D95083006188B2 /* RecipeUITests.m */ = {isa = PBXFileReference; lastKnownFileType = sourcecode.c.objc; path = RecipeUITests.m; sourceTree = "<group>"; };
		908F7B7822D95083006188B2 /* Info.plist */ = {isa = PBXFileReference; lastKnownFileType = text.plist.xml; path = Info.plist; sourceTree = "<group>"; };
		908F7B9222D9624A006188B2 /* BaseContract.h */ = {isa = PBXFileReference; lastKnownFileType = sourcecode.c.h; path = BaseContract.h; sourceTree = "<group>"; };
		908F7B9422D962DB006188B2 /* RecipeContract.h */ = {isa = PBXFileReference; lastKnownFileType = sourcecode.c.h; path = RecipeContract.h; sourceTree = "<group>"; };
		908F7B9522D96398006188B2 /* RealmServiceProtocol.h */ = {isa = PBXFileReference; lastKnownFileType = sourcecode.c.h; path = RealmServiceProtocol.h; sourceTree = "<group>"; };
		908F7B9622D963BC006188B2 /* RealmObserver.h */ = {isa = PBXFileReference; lastKnownFileType = sourcecode.c.h; path = RealmObserver.h; sourceTree = "<group>"; };
		908F7B9722D963DB006188B2 /* RealmManager.h */ = {isa = PBXFileReference; lastKnownFileType = sourcecode.c.h; path = RealmManager.h; sourceTree = "<group>"; };
		908F7B9822D963DB006188B2 /* RealmManager.m */ = {isa = PBXFileReference; lastKnownFileType = sourcecode.c.objc; path = RealmManager.m; sourceTree = "<group>"; };
		908F7B9A22D96466006188B2 /* ServiceProtocol.h */ = {isa = PBXFileReference; lastKnownFileType = sourcecode.c.h; path = ServiceProtocol.h; sourceTree = "<group>"; };
		908F7B9B22D9649C006188B2 /* NetworkObserver.h */ = {isa = PBXFileReference; lastKnownFileType = sourcecode.c.h; path = NetworkObserver.h; sourceTree = "<group>"; };
		908F7B9C22D964E8006188B2 /* NetworkManager.h */ = {isa = PBXFileReference; lastKnownFileType = sourcecode.c.h; path = NetworkManager.h; sourceTree = "<group>"; };
		908F7B9D22D964E8006188B2 /* NetworkManager.m */ = {isa = PBXFileReference; lastKnownFileType = sourcecode.c.objc; path = NetworkManager.m; sourceTree = "<group>"; };
		908F7B9F22D965E7006188B2 /* RecipeService.h */ = {isa = PBXFileReference; lastKnownFileType = sourcecode.c.h; path = RecipeService.h; sourceTree = "<group>"; };
		908F7BA022D965E7006188B2 /* RecipeService.m */ = {isa = PBXFileReference; lastKnownFileType = sourcecode.c.objc; path = RecipeService.m; sourceTree = "<group>"; };
		908F7BA222D96684006188B2 /* Recipe.h */ = {isa = PBXFileReference; lastKnownFileType = sourcecode.c.h; path = Recipe.h; sourceTree = "<group>"; };
		908F7BA322D96684006188B2 /* Recipe.m */ = {isa = PBXFileReference; lastKnownFileType = sourcecode.c.objc; path = Recipe.m; sourceTree = "<group>"; };
		908F7BA822D968CA006188B2 /* RecipePresenter.h */ = {isa = PBXFileReference; lastKnownFileType = sourcecode.c.h; path = RecipePresenter.h; sourceTree = "<group>"; };
		908F7BA922D968CA006188B2 /* RecipePresenter.m */ = {isa = PBXFileReference; lastKnownFileType = sourcecode.c.objc; path = RecipePresenter.m; sourceTree = "<group>"; };
		908F7BAE22D96FB9006188B2 /* RecipeTableViewCell.h */ = {isa = PBXFileReference; lastKnownFileType = sourcecode.c.h; path = RecipeTableViewCell.h; sourceTree = "<group>"; };
		908F7BAF22D96FB9006188B2 /* RecipeTableViewCell.m */ = {isa = PBXFileReference; lastKnownFileType = sourcecode.c.objc; path = RecipeTableViewCell.m; sourceTree = "<group>"; };
		908F7BB122D97058006188B2 /* RecipesViewController.h */ = {isa = PBXFileReference; lastKnownFileType = sourcecode.c.h; path = RecipesViewController.h; sourceTree = "<group>"; };
		908F7BB222D97058006188B2 /* RecipesViewController.m */ = {isa = PBXFileReference; lastKnownFileType = sourcecode.c.objc; path = RecipesViewController.m; sourceTree = "<group>"; };
		908F7BB422D98A5B006188B2 /* images.png */ = {isa = PBXFileReference; lastKnownFileType = image.png; path = images.png; sourceTree = "<group>"; };
		909C567C22DA61B0000FB64A /* SearchTableViewController.h */ = {isa = PBXFileReference; lastKnownFileType = sourcecode.c.h; path = SearchTableViewController.h; sourceTree = "<group>"; };
		909C567D22DA61B0000FB64A /* SearchTableViewController.m */ = {isa = PBXFileReference; lastKnownFileType = sourcecode.c.objc; path = SearchTableViewController.m; sourceTree = "<group>"; };
		909C568022DA620A000FB64A /* SearchPresenter.h */ = {isa = PBXFileReference; lastKnownFileType = sourcecode.c.h; path = SearchPresenter.h; sourceTree = "<group>"; };
		909C568122DA620A000FB64A /* SearchPresenter.m */ = {isa = PBXFileReference; lastKnownFileType = sourcecode.c.objc; path = SearchPresenter.m; sourceTree = "<group>"; };
		909C568322DA7923000FB64A /* SearchHistory.h */ = {isa = PBXFileReference; lastKnownFileType = sourcecode.c.h; path = SearchHistory.h; sourceTree = "<group>"; };
		909C568422DA7923000FB64A /* SearchHistory.m */ = {isa = PBXFileReference; lastKnownFileType = sourcecode.c.objc; path = SearchHistory.m; sourceTree = "<group>"; };
		D153C5EF87DA717167825B61 /* Pods-RecipeUITests.debug.xcconfig */ = {isa = PBXFileReference; includeInIndex = 1; lastKnownFileType = text.xcconfig; name = "Pods-RecipeUITests.debug.xcconfig"; path = "Target Support Files/Pods-RecipeUITests/Pods-RecipeUITests.debug.xcconfig"; sourceTree = "<group>"; };
		D35A246EA3A37664FA82BE91 /* Pods-RecipeUITests.release.xcconfig */ = {isa = PBXFileReference; includeInIndex = 1; lastKnownFileType = text.xcconfig; name = "Pods-RecipeUITests.release.xcconfig"; path = "Target Support Files/Pods-RecipeUITests/Pods-RecipeUITests.release.xcconfig"; sourceTree = "<group>"; };
		EA84697CD480998BC99C9C3F /* Pods-RecipeTests.release.xcconfig */ = {isa = PBXFileReference; includeInIndex = 1; lastKnownFileType = text.xcconfig; name = "Pods-RecipeTests.release.xcconfig"; path = "Target Support Files/Pods-RecipeTests/Pods-RecipeTests.release.xcconfig"; sourceTree = "<group>"; };
		F06077F60969B229F6BA4706 /* libPods-RecipeUITests.a */ = {isa = PBXFileReference; explicitFileType = archive.ar; includeInIndex = 0; path = "libPods-RecipeUITests.a"; sourceTree = BUILT_PRODUCTS_DIR; };
		FA7FCDD8E422222D82F4FB6D /* libPods-RecipeTests.a */ = {isa = PBXFileReference; explicitFileType = archive.ar; includeInIndex = 0; path = "libPods-RecipeTests.a"; sourceTree = BUILT_PRODUCTS_DIR; };
/* End PBXFileReference section */

/* Begin PBXFrameworksBuildPhase section */
		908F7B4C22D95081006188B2 /* Frameworks */ = {
			isa = PBXFrameworksBuildPhase;
			buildActionMask = 2147483647;
			files = (
				EBD9468A5166A935F2540FBC /* libPods-Recipe.a in Frameworks */,
			);
			runOnlyForDeploymentPostprocessing = 0;
		};
		908F7B6422D95083006188B2 /* Frameworks */ = {
			isa = PBXFrameworksBuildPhase;
			buildActionMask = 2147483647;
			files = (
				804E44BB0DD609D91DC99DA9 /* libPods-RecipeTests.a in Frameworks */,
			);
			runOnlyForDeploymentPostprocessing = 0;
		};
		908F7B6F22D95083006188B2 /* Frameworks */ = {
			isa = PBXFrameworksBuildPhase;
			buildActionMask = 2147483647;
			files = (
				89ECEA67C6851FA7FECEA928 /* libPods-RecipeUITests.a in Frameworks */,
			);
			runOnlyForDeploymentPostprocessing = 0;
		};
/* End PBXFrameworksBuildPhase section */

/* Begin PBXGroup section */
		064B021EB05C68E0B771B646 /* Frameworks */ = {
			isa = PBXGroup;
			children = (
				37D0E1CB0C9412C3B3A3A4EC /* libPods-Recipe.a */,
				FA7FCDD8E422222D82F4FB6D /* libPods-RecipeTests.a */,
				F06077F60969B229F6BA4706 /* libPods-RecipeUITests.a */,
			);
			name = Frameworks;
			sourceTree = "<group>";
		};
		908F7B4622D95081006188B2 = {
			isa = PBXGroup;
			children = (
				908F7B5122D95081006188B2 /* Recipe */,
				908F7B6A22D95083006188B2 /* RecipeTests */,
				908F7B7522D95083006188B2 /* RecipeUITests */,
				908F7B5022D95081006188B2 /* Products */,
				D1DD2C260F251576A7130BAB /* Pods */,
				064B021EB05C68E0B771B646 /* Frameworks */,
			);
			sourceTree = "<group>";
		};
		908F7B5022D95081006188B2 /* Products */ = {
			isa = PBXGroup;
			children = (
				908F7B4F22D95081006188B2 /* Recipe.app */,
				908F7B6722D95083006188B2 /* RecipeTests.xctest */,
				908F7B7222D95083006188B2 /* RecipeUITests.xctest */,
			);
			name = Products;
			sourceTree = "<group>";
		};
		908F7B5122D95081006188B2 /* Recipe */ = {
			isa = PBXGroup;
			children = (
				908F7BB422D98A5B006188B2 /* images.png */,
				908F7B8F22D961A2006188B2 /* MVP Contract */,
				908F7B8E22D9618B006188B2 /* LocalLayer */,
				908F7B8D22D9616D006188B2 /* NetworkLayer */,
				908F7B8C22D96159006188B2 /* ServiceLayer */,
				908F7B8922D96123006188B2 /* Presenter */,
				908F7B8822D96116006188B2 /* POJO */,
				908F7B8522D960F4006188B2 /* ViewControllers */,
				908F7B8422D960CA006188B2 /* Views */,
				908F7B5222D95081006188B2 /* AppDelegate.h */,
				908F7B5322D95081006188B2 /* AppDelegate.m */,
				908F7B5B22D95083006188B2 /* Assets.xcassets */,
				908F7B6022D95083006188B2 /* Info.plist */,
				908F7B6122D95083006188B2 /* main.m */,
			);
			path = Recipe;
			sourceTree = "<group>";
		};
		908F7B6A22D95083006188B2 /* RecipeTests */ = {
			isa = PBXGroup;
			children = (
				908F7B6B22D95083006188B2 /* RecipeTests.m */,
				908F7B6D22D95083006188B2 /* Info.plist */,
			);
			path = RecipeTests;
			sourceTree = "<group>";
		};
		908F7B7522D95083006188B2 /* RecipeUITests */ = {
			isa = PBXGroup;
			children = (
				908F7B7622D95083006188B2 /* RecipeUITests.m */,
				908F7B7822D95083006188B2 /* Info.plist */,
			);
			path = RecipeUITests;
			sourceTree = "<group>";
		};
		908F7B8422D960CA006188B2 /* Views */ = {
			isa = PBXGroup;
			children = (
				908F7B5D22D95083006188B2 /* LaunchScreen.storyboard */,
				908F7B5822D95081006188B2 /* Main.storyboard */,
			);
			path = Views;
			sourceTree = "<group>";
		};
		908F7B8522D960F4006188B2 /* ViewControllers */ = {
			isa = PBXGroup;
			children = (
				908F7B8722D9610B006188B2 /* Cells */,
				908F7B8622D96101006188B2 /* Controllers */,
			);
			path = ViewControllers;
			sourceTree = "<group>";
		};
		908F7B8622D96101006188B2 /* Controllers */ = {
			isa = PBXGroup;
			children = (
				908F7BB122D97058006188B2 /* RecipesViewController.h */,
				908F7BB222D97058006188B2 /* RecipesViewController.m */,
				909C567C22DA61B0000FB64A /* SearchTableViewController.h */,
				909C567D22DA61B0000FB64A /* SearchTableViewController.m */,
				90033E1C22DBB0F2001EEA38 /* DetailsTableViewController.h */,
				90033E1D22DBB0F2001EEA38 /* DetailsTableViewController.m */,
			);
			path = Controllers;
			sourceTree = "<group>";
		};
		908F7B8722D9610B006188B2 /* Cells */ = {
			isa = PBXGroup;
			children = (
				908F7BAE22D96FB9006188B2 /* RecipeTableViewCell.h */,
				908F7BAF22D96FB9006188B2 /* RecipeTableViewCell.m */,
				90033E1022DBAFC0001EEA38 /* DetailsImgTableViewCell.h */,
				90033E1122DBAFC0001EEA38 /* DetailsImgTableViewCell.m */,
				90033E1322DBAFDA001EEA38 /* DetailsTitleTableViewCell.h */,
				90033E1422DBAFDA001EEA38 /* DetailsTitleTableViewCell.m */,
				90033E1622DBAFF4001EEA38 /* DetailsIngredientsTableViewCell.h */,
				90033E1722DBAFF4001EEA38 /* DetailsIngredientsTableViewCell.m */,
				90033E1922DBB009001EEA38 /* DetailsLinkTableViewCell.h */,
				90033E1A22DBB009001EEA38 /* DetailsLinkTableViewCell.m */,
				90033E2222DBBF84001EEA38 /* DetailsSingleIngTableViewCell.h */,
				90033E2322DBBF84001EEA38 /* DetailsSingleIngTableViewCell.m */,
			);
			path = Cells;
			sourceTree = "<group>";
		};
		908F7B8822D96116006188B2 /* POJO */ = {
			isa = PBXGroup;
			children = (
				908F7BA222D96684006188B2 /* Recipe.h */,
				908F7BA322D96684006188B2 /* Recipe.m */,
				909C568322DA7923000FB64A /* SearchHistory.h */,
				909C568422DA7923000FB64A /* SearchHistory.m */,
			);
			path = POJO;
			sourceTree = "<group>";
		};
		908F7B8922D96123006188B2 /* Presenter */ = {
			isa = PBXGroup;
			children = (
				909C567F22DA61DB000FB64A /* RecipeSearch */,
				908F7B8B22D96147006188B2 /* RecipeDetails */,
				908F7B8A22D96139006188B2 /* RecipesPresenter */,
			);
			path = Presenter;
			sourceTree = "<group>";
		};
		908F7B8A22D96139006188B2 /* RecipesPresenter */ = {
			isa = PBXGroup;
			children = (
				908F7BA822D968CA006188B2 /* RecipePresenter.h */,
				908F7BA922D968CA006188B2 /* RecipePresenter.m */,
			);
			path = RecipesPresenter;
			sourceTree = "<group>";
		};
		908F7B8B22D96147006188B2 /* RecipeDetails */ = {
			isa = PBXGroup;
			children = (
				90033E1F22DBB115001EEA38 /* DetailsPresenter.h */,
				90033E2022DBB115001EEA38 /* DetailsPresenter.m */,
			);
			path = RecipeDetails;
			sourceTree = "<group>";
		};
		908F7B8C22D96159006188B2 /* ServiceLayer */ = {
			isa = PBXGroup;
			children = (
				908F7B9F22D965E7006188B2 /* RecipeService.h */,
				908F7BA022D965E7006188B2 /* RecipeService.m */,
			);
			path = ServiceLayer;
			sourceTree = "<group>";
		};
		908F7B8D22D9616D006188B2 /* NetworkLayer */ = {
			isa = PBXGroup;
			children = (
				908F7B9A22D96466006188B2 /* ServiceProtocol.h */,
				908F7B9B22D9649C006188B2 /* NetworkObserver.h */,
				908F7B9C22D964E8006188B2 /* NetworkManager.h */,
				908F7B9D22D964E8006188B2 /* NetworkManager.m */,
			);
			path = NetworkLayer;
			sourceTree = "<group>";
		};
		908F7B8E22D9618B006188B2 /* LocalLayer */ = {
			isa = PBXGroup;
			children = (
				908F7B9522D96398006188B2 /* RealmServiceProtocol.h */,
				908F7B9622D963BC006188B2 /* RealmObserver.h */,
				908F7B9722D963DB006188B2 /* RealmManager.h */,
				908F7B9822D963DB006188B2 /* RealmManager.m */,
			);
			path = LocalLayer;
			sourceTree = "<group>";
		};
		908F7B8F22D961A2006188B2 /* MVP Contract */ = {
			isa = PBXGroup;
			children = (
				908F7B9122D961CC006188B2 /* BaseContract */,
				908F7B9022D961BA006188B2 /* RecipeContract */,
			);
			path = "MVP Contract";
			sourceTree = "<group>";
		};
		908F7B9022D961BA006188B2 /* RecipeContract */ = {
			isa = PBXGroup;
			children = (
				908F7B9422D962DB006188B2 /* RecipeContract.h */,
			);
			path = RecipeContract;
			sourceTree = "<group>";
		};
		908F7B9122D961CC006188B2 /* BaseContract */ = {
			isa = PBXGroup;
			children = (
				908F7B9222D9624A006188B2 /* BaseContract.h */,
			);
			path = BaseContract;
			sourceTree = "<group>";
		};
		909C567F22DA61DB000FB64A /* RecipeSearch */ = {
			isa = PBXGroup;
			children = (
				909C568022DA620A000FB64A /* SearchPresenter.h */,
				909C568122DA620A000FB64A /* SearchPresenter.m */,
			);
			path = RecipeSearch;
			sourceTree = "<group>";
		};
		D1DD2C260F251576A7130BAB /* Pods */ = {
			isa = PBXGroup;
			children = (
				5C485C64CAA757AED9D65E31 /* Pods-Recipe.debug.xcconfig */,
				677A2E579F556FB6FC880567 /* Pods-Recipe.release.xcconfig */,
				7977C2249FB8FC2DC132B10D /* Pods-RecipeTests.debug.xcconfig */,
				EA84697CD480998BC99C9C3F /* Pods-RecipeTests.release.xcconfig */,
				D153C5EF87DA717167825B61 /* Pods-RecipeUITests.debug.xcconfig */,
				D35A246EA3A37664FA82BE91 /* Pods-RecipeUITests.release.xcconfig */,
			);
			path = Pods;
			sourceTree = "<group>";
		};
/* End PBXGroup section */

/* Begin PBXNativeTarget section */
		908F7B4E22D95081006188B2 /* Recipe */ = {
			isa = PBXNativeTarget;
			buildConfigurationList = 908F7B7B22D95083006188B2 /* Build configuration list for PBXNativeTarget "Recipe" */;
			buildPhases = (
				3EA575BB879BE37983C0F1DC /* [CP] Check Pods Manifest.lock */,
				908F7B4B22D95081006188B2 /* Sources */,
				908F7B4C22D95081006188B2 /* Frameworks */,
				908F7B4D22D95081006188B2 /* Resources */,
			);
			buildRules = (
			);
			dependencies = (
			);
			name = Recipe;
			productName = Recipe;
			productReference = 908F7B4F22D95081006188B2 /* Recipe.app */;
			productType = "com.apple.product-type.application";
		};
		908F7B6622D95083006188B2 /* RecipeTests */ = {
			isa = PBXNativeTarget;
			buildConfigurationList = 908F7B7E22D95083006188B2 /* Build configuration list for PBXNativeTarget "RecipeTests" */;
			buildPhases = (
				073EDDB3EC1A5F9AB286EDB0 /* [CP] Check Pods Manifest.lock */,
				908F7B6322D95083006188B2 /* Sources */,
				908F7B6422D95083006188B2 /* Frameworks */,
				908F7B6522D95083006188B2 /* Resources */,
			);
			buildRules = (
			);
			dependencies = (
				908F7B6922D95083006188B2 /* PBXTargetDependency */,
			);
			name = RecipeTests;
			productName = RecipeTests;
			productReference = 908F7B6722D95083006188B2 /* RecipeTests.xctest */;
			productType = "com.apple.product-type.bundle.unit-test";
		};
		908F7B7122D95083006188B2 /* RecipeUITests */ = {
			isa = PBXNativeTarget;
			buildConfigurationList = 908F7B8122D95083006188B2 /* Build configuration list for PBXNativeTarget "RecipeUITests" */;
			buildPhases = (
				FE1D595D248B9E703FE85BC0 /* [CP] Check Pods Manifest.lock */,
				908F7B6E22D95083006188B2 /* Sources */,
				908F7B6F22D95083006188B2 /* Frameworks */,
				908F7B7022D95083006188B2 /* Resources */,
			);
			buildRules = (
			);
			dependencies = (
				908F7B7422D95083006188B2 /* PBXTargetDependency */,
			);
			name = RecipeUITests;
			productName = RecipeUITests;
			productReference = 908F7B7222D95083006188B2 /* RecipeUITests.xctest */;
			productType = "com.apple.product-type.bundle.ui-testing";
		};
/* End PBXNativeTarget section */

/* Begin PBXProject section */
		908F7B4722D95081006188B2 /* Project object */ = {
			isa = PBXProject;
			attributes = {
				LastUpgradeCheck = 1010;
				ORGANIZATIONNAME = "M-M_M";
				TargetAttributes = {
					908F7B4E22D95081006188B2 = {
						CreatedOnToolsVersion = 10.1;
					};
					908F7B6622D95083006188B2 = {
						CreatedOnToolsVersion = 10.1;
						TestTargetID = 908F7B4E22D95081006188B2;
					};
					908F7B7122D95083006188B2 = {
						CreatedOnToolsVersion = 10.1;
						TestTargetID = 908F7B4E22D95081006188B2;
					};
				};
			};
			buildConfigurationList = 908F7B4A22D95081006188B2 /* Build configuration list for PBXProject "Recipe" */;
			compatibilityVersion = "Xcode 9.3";
			developmentRegion = en;
			hasScannedForEncodings = 0;
			knownRegions = (
				en,
				Base,
			);
			mainGroup = 908F7B4622D95081006188B2;
			productRefGroup = 908F7B5022D95081006188B2 /* Products */;
			projectDirPath = "";
			projectRoot = "";
			targets = (
				908F7B4E22D95081006188B2 /* Recipe */,
				908F7B6622D95083006188B2 /* RecipeTests */,
				908F7B7122D95083006188B2 /* RecipeUITests */,
			);
		};
/* End PBXProject section */

/* Begin PBXResourcesBuildPhase section */
		908F7B4D22D95081006188B2 /* Resources */ = {
			isa = PBXResourcesBuildPhase;
			buildActionMask = 2147483647;
			files = (
				908F7B5F22D95083006188B2 /* LaunchScreen.storyboard in Resources */,
				908F7B5C22D95083006188B2 /* Assets.xcassets in Resources */,
				908F7B5A22D95081006188B2 /* Main.storyboard in Resources */,
				908F7BB522D98A5B006188B2 /* images.png in Resources */,
			);
			runOnlyForDeploymentPostprocessing = 0;
		};
		908F7B6522D95083006188B2 /* Resources */ = {
			isa = PBXResourcesBuildPhase;
			buildActionMask = 2147483647;
			files = (
			);
			runOnlyForDeploymentPostprocessing = 0;
		};
		908F7B7022D95083006188B2 /* Resources */ = {
			isa = PBXResourcesBuildPhase;
			buildActionMask = 2147483647;
			files = (
			);
			runOnlyForDeploymentPostprocessing = 0;
		};
/* End PBXResourcesBuildPhase section */

/* Begin PBXShellScriptBuildPhase section */
		073EDDB3EC1A5F9AB286EDB0 /* [CP] Check Pods Manifest.lock */ = {
			isa = PBXShellScriptBuildPhase;
			buildActionMask = 2147483647;
			files = (
			);
			inputFileListPaths = (
			);
			inputPaths = (
				"${PODS_PODFILE_DIR_PATH}/Podfile.lock",
				"${PODS_ROOT}/Manifest.lock",
			);
			name = "[CP] Check Pods Manifest.lock";
			outputFileListPaths = (
			);
			outputPaths = (
				"$(DERIVED_FILE_DIR)/Pods-RecipeTests-checkManifestLockResult.txt",
			);
			runOnlyForDeploymentPostprocessing = 0;
			shellPath = /bin/sh;
			shellScript = "diff \"${PODS_PODFILE_DIR_PATH}/Podfile.lock\" \"${PODS_ROOT}/Manifest.lock\" > /dev/null\nif [ $? != 0 ] ; then\n    # print error to STDERR\n    echo \"error: The sandbox is not in sync with the Podfile.lock. Run 'pod install' or update your CocoaPods installation.\" >&2\n    exit 1\nfi\n# This output is used by Xcode 'outputs' to avoid re-running this script phase.\necho \"SUCCESS\" > \"${SCRIPT_OUTPUT_FILE_0}\"\n";
			showEnvVarsInLog = 0;
		};
		3EA575BB879BE37983C0F1DC /* [CP] Check Pods Manifest.lock */ = {
			isa = PBXShellScriptBuildPhase;
			buildActionMask = 2147483647;
			files = (
			);
			inputFileListPaths = (
			);
			inputPaths = (
				"${PODS_PODFILE_DIR_PATH}/Podfile.lock",
				"${PODS_ROOT}/Manifest.lock",
			);
			name = "[CP] Check Pods Manifest.lock";
			outputFileListPaths = (
			);
			outputPaths = (
				"$(DERIVED_FILE_DIR)/Pods-Recipe-checkManifestLockResult.txt",
			);
			runOnlyForDeploymentPostprocessing = 0;
			shellPath = /bin/sh;
			shellScript = "diff \"${PODS_PODFILE_DIR_PATH}/Podfile.lock\" \"${PODS_ROOT}/Manifest.lock\" > /dev/null\nif [ $? != 0 ] ; then\n    # print error to STDERR\n    echo \"error: The sandbox is not in sync with the Podfile.lock. Run 'pod install' or update your CocoaPods installation.\" >&2\n    exit 1\nfi\n# This output is used by Xcode 'outputs' to avoid re-running this script phase.\necho \"SUCCESS\" > \"${SCRIPT_OUTPUT_FILE_0}\"\n";
			showEnvVarsInLog = 0;
		};
		FE1D595D248B9E703FE85BC0 /* [CP] Check Pods Manifest.lock */ = {
			isa = PBXShellScriptBuildPhase;
			buildActionMask = 2147483647;
			files = (
			);
			inputFileListPaths = (
			);
			inputPaths = (
				"${PODS_PODFILE_DIR_PATH}/Podfile.lock",
				"${PODS_ROOT}/Manifest.lock",
			);
			name = "[CP] Check Pods Manifest.lock";
			outputFileListPaths = (
			);
			outputPaths = (
				"$(DERIVED_FILE_DIR)/Pods-RecipeUITests-checkManifestLockResult.txt",
			);
			runOnlyForDeploymentPostprocessing = 0;
			shellPath = /bin/sh;
			shellScript = "diff \"${PODS_PODFILE_DIR_PATH}/Podfile.lock\" \"${PODS_ROOT}/Manifest.lock\" > /dev/null\nif [ $? != 0 ] ; then\n    # print error to STDERR\n    echo \"error: The sandbox is not in sync with the Podfile.lock. Run 'pod install' or update your CocoaPods installation.\" >&2\n    exit 1\nfi\n# This output is used by Xcode 'outputs' to avoid re-running this script phase.\necho \"SUCCESS\" > \"${SCRIPT_OUTPUT_FILE_0}\"\n";
			showEnvVarsInLog = 0;
		};
/* End PBXShellScriptBuildPhase section */

/* Begin PBXSourcesBuildPhase section */
		908F7B4B22D95081006188B2 /* Sources */ = {
			isa = PBXSourcesBuildPhase;
			buildActionMask = 2147483647;
			files = (
				909C568222DA620A000FB64A /* SearchPresenter.m in Sources */,
				908F7B9E22D964E8006188B2 /* NetworkManager.m in Sources */,
				909C568522DA7923000FB64A /* SearchHistory.m in Sources */,
				90033E1222DBAFC0001EEA38 /* DetailsImgTableViewCell.m in Sources */,
				908F7BA422D96684006188B2 /* Recipe.m in Sources */,
				908F7B6222D95083006188B2 /* main.m in Sources */,
				90033E2422DBBF84001EEA38 /* DetailsSingleIngTableViewCell.m in Sources */,
				90033E1E22DBB0F2001EEA38 /* DetailsTableViewController.m in Sources */,
				909C567E22DA61B0000FB64A /* SearchTableViewController.m in Sources */,
				908F7BB022D96FB9006188B2 /* RecipeTableViewCell.m in Sources */,
				908F7BB322D97058006188B2 /* RecipesViewController.m in Sources */,
				908F7BAA22D968CA006188B2 /* RecipePresenter.m in Sources */,
				90033E2122DBB115001EEA38 /* DetailsPresenter.m in Sources */,
				908F7B9922D963DB006188B2 /* RealmManager.m in Sources */,
				90033E1822DBAFF4001EEA38 /* DetailsIngredientsTableViewCell.m in Sources */,
				90033E1B22DBB009001EEA38 /* DetailsLinkTableViewCell.m in Sources */,
				90033E1522DBAFDA001EEA38 /* DetailsTitleTableViewCell.m in Sources */,
				908F7B5422D95081006188B2 /* AppDelegate.m in Sources */,
				908F7BA122D965E7006188B2 /* RecipeService.m in Sources */,
			);
			runOnlyForDeploymentPostprocessing = 0;
		};
		908F7B6322D95083006188B2 /* Sources */ = {
			isa = PBXSourcesBuildPhase;
			buildActionMask = 2147483647;
			files = (
				908F7B6C22D95083006188B2 /* RecipeTests.m in Sources */,
			);
			runOnlyForDeploymentPostprocessing = 0;
		};
		908F7B6E22D95083006188B2 /* Sources */ = {
			isa = PBXSourcesBuildPhase;
			buildActionMask = 2147483647;
			files = (
				908F7B7722D95083006188B2 /* RecipeUITests.m in Sources */,
			);
			runOnlyForDeploymentPostprocessing = 0;
		};
/* End PBXSourcesBuildPhase section */

/* Begin PBXTargetDependency section */
		908F7B6922D95083006188B2 /* PBXTargetDependency */ = {
			isa = PBXTargetDependency;
			target = 908F7B4E22D95081006188B2 /* Recipe */;
			targetProxy = 908F7B6822D95083006188B2 /* PBXContainerItemProxy */;
		};
		908F7B7422D95083006188B2 /* PBXTargetDependency */ = {
			isa = PBXTargetDependency;
			target = 908F7B4E22D95081006188B2 /* Recipe */;
			targetProxy = 908F7B7322D95083006188B2 /* PBXContainerItemProxy */;
		};
/* End PBXTargetDependency section */

/* Begin PBXVariantGroup section */
		908F7B5822D95081006188B2 /* Main.storyboard */ = {
			isa = PBXVariantGroup;
			children = (
				908F7B5922D95081006188B2 /* Base */,
			);
			name = Main.storyboard;
			sourceTree = "<group>";
		};
		908F7B5D22D95083006188B2 /* LaunchScreen.storyboard */ = {
			isa = PBXVariantGroup;
			children = (
				908F7B5E22D95083006188B2 /* Base */,
			);
			name = LaunchScreen.storyboard;
			sourceTree = "<group>";
		};
/* End PBXVariantGroup section */

/* Begin XCBuildConfiguration section */
		908F7B7922D95083006188B2 /* Debug */ = {
			isa = XCBuildConfiguration;
			buildSettings = {
				ALWAYS_SEARCH_USER_PATHS = NO;
				CLANG_ANALYZER_NONNULL = YES;
				CLANG_ANALYZER_NUMBER_OBJECT_CONVERSION = YES_AGGRESSIVE;
				CLANG_CXX_LANGUAGE_STANDARD = "gnu++14";
				CLANG_CXX_LIBRARY = "libc++";
				CLANG_ENABLE_MODULES = YES;
				CLANG_ENABLE_OBJC_ARC = YES;
				CLANG_ENABLE_OBJC_WEAK = YES;
				CLANG_WARN_BLOCK_CAPTURE_AUTORELEASING = YES;
				CLANG_WARN_BOOL_CONVERSION = YES;
				CLANG_WARN_COMMA = YES;
				CLANG_WARN_CONSTANT_CONVERSION = YES;
				CLANG_WARN_DEPRECATED_OBJC_IMPLEMENTATIONS = YES;
				CLANG_WARN_DIRECT_OBJC_ISA_USAGE = YES_ERROR;
				CLANG_WARN_DOCUMENTATION_COMMENTS = YES;
				CLANG_WARN_EMPTY_BODY = YES;
				CLANG_WARN_ENUM_CONVERSION = YES;
				CLANG_WARN_INFINITE_RECURSION = YES;
				CLANG_WARN_INT_CONVERSION = YES;
				CLANG_WARN_NON_LITERAL_NULL_CONVERSION = YES;
				CLANG_WARN_OBJC_IMPLICIT_RETAIN_SELF = YES;
				CLANG_WARN_OBJC_LITERAL_CONVERSION = YES;
				CLANG_WARN_OBJC_ROOT_CLASS = YES_ERROR;
				CLANG_WARN_RANGE_LOOP_ANALYSIS = YES;
				CLANG_WARN_STRICT_PROTOTYPES = YES;
				CLANG_WARN_SUSPICIOUS_MOVE = YES;
				CLANG_WARN_UNGUARDED_AVAILABILITY = YES_AGGRESSIVE;
				CLANG_WARN_UNREACHABLE_CODE = YES;
				CLANG_WARN__DUPLICATE_METHOD_MATCH = YES;
				CODE_SIGN_IDENTITY = "iPhone Developer";
				COPY_PHASE_STRIP = NO;
				DEBUG_INFORMATION_FORMAT = dwarf;
				ENABLE_STRICT_OBJC_MSGSEND = YES;
				ENABLE_TESTABILITY = YES;
				GCC_C_LANGUAGE_STANDARD = gnu11;
				GCC_DYNAMIC_NO_PIC = NO;
				GCC_NO_COMMON_BLOCKS = YES;
				GCC_OPTIMIZATION_LEVEL = 0;
				GCC_PREPROCESSOR_DEFINITIONS = (
					"DEBUG=1",
					"$(inherited)",
				);
				GCC_WARN_64_TO_32_BIT_CONVERSION = YES;
				GCC_WARN_ABOUT_RETURN_TYPE = YES_ERROR;
				GCC_WARN_UNDECLARED_SELECTOR = YES;
				GCC_WARN_UNINITIALIZED_AUTOS = YES_AGGRESSIVE;
				GCC_WARN_UNUSED_FUNCTION = YES;
				GCC_WARN_UNUSED_VARIABLE = YES;
				IPHONEOS_DEPLOYMENT_TARGET = 12.1;
				MTL_ENABLE_DEBUG_INFO = INCLUDE_SOURCE;
				MTL_FAST_MATH = YES;
				ONLY_ACTIVE_ARCH = YES;
				SDKROOT = iphoneos;
			};
			name = Debug;
		};
		908F7B7A22D95083006188B2 /* Release */ = {
			isa = XCBuildConfiguration;
			buildSettings = {
				ALWAYS_SEARCH_USER_PATHS = NO;
				CLANG_ANALYZER_NONNULL = YES;
				CLANG_ANALYZER_NUMBER_OBJECT_CONVERSION = YES_AGGRESSIVE;
				CLANG_CXX_LANGUAGE_STANDARD = "gnu++14";
				CLANG_CXX_LIBRARY = "libc++";
				CLANG_ENABLE_MODULES = YES;
				CLANG_ENABLE_OBJC_ARC = YES;
				CLANG_ENABLE_OBJC_WEAK = YES;
				CLANG_WARN_BLOCK_CAPTURE_AUTORELEASING = YES;
				CLANG_WARN_BOOL_CONVERSION = YES;
				CLANG_WARN_COMMA = YES;
				CLANG_WARN_CONSTANT_CONVERSION = YES;
				CLANG_WARN_DEPRECATED_OBJC_IMPLEMENTATIONS = YES;
				CLANG_WARN_DIRECT_OBJC_ISA_USAGE = YES_ERROR;
				CLANG_WARN_DOCUMENTATION_COMMENTS = YES;
				CLANG_WARN_EMPTY_BODY = YES;
				CLANG_WARN_ENUM_CONVERSION = YES;
				CLANG_WARN_INFINITE_RECURSION = YES;
				CLANG_WARN_INT_CONVERSION = YES;
				CLANG_WARN_NON_LITERAL_NULL_CONVERSION = YES;
				CLANG_WARN_OBJC_IMPLICIT_RETAIN_SELF = YES;
				CLANG_WARN_OBJC_LITERAL_CONVERSION = YES;
				CLANG_WARN_OBJC_ROOT_CLASS = YES_ERROR;
				CLANG_WARN_RANGE_LOOP_ANALYSIS = YES;
				CLANG_WARN_STRICT_PROTOTYPES = YES;
				CLANG_WARN_SUSPICIOUS_MOVE = YES;
				CLANG_WARN_UNGUARDED_AVAILABILITY = YES_AGGRESSIVE;
				CLANG_WARN_UNREACHABLE_CODE = YES;
				CLANG_WARN__DUPLICATE_METHOD_MATCH = YES;
				CODE_SIGN_IDENTITY = "iPhone Developer";
				COPY_PHASE_STRIP = NO;
				DEBUG_INFORMATION_FORMAT = "dwarf-with-dsym";
				ENABLE_NS_ASSERTIONS = NO;
				ENABLE_STRICT_OBJC_MSGSEND = YES;
				GCC_C_LANGUAGE_STANDARD = gnu11;
				GCC_NO_COMMON_BLOCKS = YES;
				GCC_WARN_64_TO_32_BIT_CONVERSION = YES;
				GCC_WARN_ABOUT_RETURN_TYPE = YES_ERROR;
				GCC_WARN_UNDECLARED_SELECTOR = YES;
				GCC_WARN_UNINITIALIZED_AUTOS = YES_AGGRESSIVE;
				GCC_WARN_UNUSED_FUNCTION = YES;
				GCC_WARN_UNUSED_VARIABLE = YES;
				IPHONEOS_DEPLOYMENT_TARGET = 12.1;
				MTL_ENABLE_DEBUG_INFO = NO;
				MTL_FAST_MATH = YES;
				SDKROOT = iphoneos;
				VALIDATE_PRODUCT = YES;
			};
			name = Release;
		};
		908F7B7C22D95083006188B2 /* Debug */ = {
			isa = XCBuildConfiguration;
			baseConfigurationReference = 5C485C64CAA757AED9D65E31 /* Pods-Recipe.debug.xcconfig */;
			buildSettings = {
				ASSETCATALOG_COMPILER_APPICON_NAME = AppIcon;
				CODE_SIGN_STYLE = Automatic;
				INFOPLIST_FILE = Recipe/Info.plist;
				LD_RUNPATH_SEARCH_PATHS = (
					"$(inherited)",
					"@executable_path/Frameworks",
				);
				PRODUCT_BUNDLE_IDENTIFIER = "com.M-M-M.Recipe";
				PRODUCT_NAME = "$(TARGET_NAME)";
				TARGETED_DEVICE_FAMILY = "1,2";
			};
			name = Debug;
		};
		908F7B7D22D95083006188B2 /* Release */ = {
			isa = XCBuildConfiguration;
			baseConfigurationReference = 677A2E579F556FB6FC880567 /* Pods-Recipe.release.xcconfig */;
			buildSettings = {
				ASSETCATALOG_COMPILER_APPICON_NAME = AppIcon;
				CODE_SIGN_STYLE = Automatic;
				INFOPLIST_FILE = Recipe/Info.plist;
				LD_RUNPATH_SEARCH_PATHS = (
					"$(inherited)",
					"@executable_path/Frameworks",
				);
				PRODUCT_BUNDLE_IDENTIFIER = "com.M-M-M.Recipe";
				PRODUCT_NAME = "$(TARGET_NAME)";
				TARGETED_DEVICE_FAMILY = "1,2";
			};
			name = Release;
		};
		908F7B7F22D95083006188B2 /* Debug */ = {
			isa = XCBuildConfiguration;
			baseConfigurationReference = 7977C2249FB8FC2DC132B10D /* Pods-RecipeTests.debug.xcconfig */;
			buildSettings = {
				BUNDLE_LOADER = "$(TEST_HOST)";
				CODE_SIGN_STYLE = Automatic;
				INFOPLIST_FILE = RecipeTests/Info.plist;
				LD_RUNPATH_SEARCH_PATHS = (
					"$(inherited)",
					"@executable_path/Frameworks",
					"@loader_path/Frameworks",
				);
				PRODUCT_BUNDLE_IDENTIFIER = "com.M-M-M.RecipeTests";
				PRODUCT_NAME = "$(TARGET_NAME)";
				TARGETED_DEVICE_FAMILY = "1,2";
				TEST_HOST = "$(BUILT_PRODUCTS_DIR)/Recipe.app/Recipe";
			};
			name = Debug;
		};
		908F7B8022D95083006188B2 /* Release */ = {
			isa = XCBuildConfiguration;
			baseConfigurationReference = EA84697CD480998BC99C9C3F /* Pods-RecipeTests.release.xcconfig */;
			buildSettings = {
				BUNDLE_LOADER = "$(TEST_HOST)";
				CODE_SIGN_STYLE = Automatic;
				INFOPLIST_FILE = RecipeTests/Info.plist;
				LD_RUNPATH_SEARCH_PATHS = (
					"$(inherited)",
					"@executable_path/Frameworks",
					"@loader_path/Frameworks",
				);
				PRODUCT_BUNDLE_IDENTIFIER = "com.M-M-M.RecipeTests";
				PRODUCT_NAME = "$(TARGET_NAME)";
				TARGETED_DEVICE_FAMILY = "1,2";
				TEST_HOST = "$(BUILT_PRODUCTS_DIR)/Recipe.app/Recipe";
			};
			name = Release;
		};
		908F7B8222D95083006188B2 /* Debug */ = {
			isa = XCBuildConfiguration;
			baseConfigurationReference = D153C5EF87DA717167825B61 /* Pods-RecipeUITests.debug.xcconfig */;
			buildSettings = {
				CODE_SIGN_STYLE = Automatic;
				INFOPLIST_FILE = RecipeUITests/Info.plist;
				LD_RUNPATH_SEARCH_PATHS = (
					"$(inherited)",
					"@executable_path/Frameworks",
					"@loader_path/Frameworks",
				);
				PRODUCT_BUNDLE_IDENTIFIER = "com.M-M-M.RecipeUITests";
				PRODUCT_NAME = "$(TARGET_NAME)";
				TARGETED_DEVICE_FAMILY = "1,2";
				TEST_TARGET_NAME = Recipe;
			};
			name = Debug;
		};
		908F7B8322D95083006188B2 /* Release */ = {
			isa = XCBuildConfiguration;
			baseConfigurationReference = D35A246EA3A37664FA82BE91 /* Pods-RecipeUITests.release.xcconfig */;
			buildSettings = {
				CODE_SIGN_STYLE = Automatic;
				INFOPLIST_FILE = RecipeUITests/Info.plist;
				LD_RUNPATH_SEARCH_PATHS = (
					"$(inherited)",
					"@executable_path/Frameworks",
					"@loader_path/Frameworks",
				);
				PRODUCT_BUNDLE_IDENTIFIER = "com.M-M-M.RecipeUITests";
				PRODUCT_NAME = "$(TARGET_NAME)";
				TARGETED_DEVICE_FAMILY = "1,2";
				TEST_TARGET_NAME = Recipe;
			};
			name = Release;
		};
/* End XCBuildConfiguration section */

/* Begin XCConfigurationList section */
		908F7B4A22D95081006188B2 /* Build configuration list for PBXProject "Recipe" */ = {
			isa = XCConfigurationList;
			buildConfigurations = (
				908F7B7922D95083006188B2 /* Debug */,
				908F7B7A22D95083006188B2 /* Release */,
			);
			defaultConfigurationIsVisible = 0;
			defaultConfigurationName = Release;
		};
		908F7B7B22D95083006188B2 /* Build configuration list for PBXNativeTarget "Recipe" */ = {
			isa = XCConfigurationList;
			buildConfigurations = (
				908F7B7C22D95083006188B2 /* Debug */,
				908F7B7D22D95083006188B2 /* Release */,
			);
			defaultConfigurationIsVisible = 0;
			defaultConfigurationName = Release;
		};
		908F7B7E22D95083006188B2 /* Build configuration list for PBXNativeTarget "RecipeTests" */ = {
			isa = XCConfigurationList;
			buildConfigurations = (
				908F7B7F22D95083006188B2 /* Debug */,
				908F7B8022D95083006188B2 /* Release */,
			);
			defaultConfigurationIsVisible = 0;
			defaultConfigurationName = Release;
		};
		908F7B8122D95083006188B2 /* Build configuration list for PBXNativeTarget "RecipeUITests" */ = {
			isa = XCConfigurationList;
			buildConfigurations = (
				908F7B8222D95083006188B2 /* Debug */,
				908F7B8322D95083006188B2 /* Release */,
			);
			defaultConfigurationIsVisible = 0;
			defaultConfigurationName = Release;
		};
/* End XCConfigurationList section */
	};
	rootObject = 908F7B4722D95081006188B2 /* Project object */;
}
